// !$*UTF8*$!
{
	archiveVersion = 1;
	classes = {
	};
	objectVersion = 50;
	objects = {

/* Begin PBXBuildFile section */
		504C5D2E2299B89B00BC01A5 /* PhotoDetailViewController.swift in Sources */ = {isa = PBXBuildFile; fileRef = 504C5D2D2299B89B00BC01A5 /* PhotoDetailViewController.swift */; };
		50C37F44229606600002080C /* AppDelegate.swift in Sources */ = {isa = PBXBuildFile; fileRef = 50C37F43229606600002080C /* AppDelegate.swift */; };
		50C37F49229606600002080C /* Main.storyboard in Resources */ = {isa = PBXBuildFile; fileRef = 50C37F47229606600002080C /* Main.storyboard */; };
		50C37F4C229606600002080C /* ViewFinder_Video.xcdatamodeld in Sources */ = {isa = PBXBuildFile; fileRef = 50C37F4A229606600002080C /* ViewFinder_Video.xcdatamodeld */; };
		50C37F4E229606620002080C /* Assets.xcassets in Resources */ = {isa = PBXBuildFile; fileRef = 50C37F4D229606620002080C /* Assets.xcassets */; };
		50C37F51229606620002080C /* LaunchScreen.storyboard in Resources */ = {isa = PBXBuildFile; fileRef = 50C37F4F229606620002080C /* LaunchScreen.storyboard */; };
		50C37F5922960B1C0002080C /* AddPhotoViewController.swift in Sources */ = {isa = PBXBuildFile; fileRef = 50C37F5822960B1C0002080C /* AddPhotoViewController.swift */; };
		50C37F5B22960F940002080C /* PhotoTableViewController.swift in Sources */ = {isa = PBXBuildFile; fileRef = 50C37F5A22960F940002080C /* PhotoTableViewController.swift */; };
/* End PBXBuildFile section */

/* Begin PBXFileReference section */
		504C5D2D2299B89B00BC01A5 /* PhotoDetailViewController.swift */ = {isa = PBXFileReference; lastKnownFileType = sourcecode.swift; path = PhotoDetailViewController.swift; sourceTree = "<group>"; };
		50C37F40229606600002080C /* ViewFinder-Video.app */ = {isa = PBXFileReference; explicitFileType = wrapper.application; includeInIndex = 0; path = "ViewFinder-Video.app"; sourceTree = BUILT_PRODUCTS_DIR; };
		50C37F43229606600002080C /* AppDelegate.swift */ = {isa = PBXFileReference; lastKnownFileType = sourcecode.swift; path = AppDelegate.swift; sourceTree = "<group>"; };
		50C37F48229606600002080C /* Base */ = {isa = PBXFileReference; lastKnownFileType = file.storyboard; name = Base; path = Base.lproj/Main.storyboard; sourceTree = "<group>"; };
		50C37F4B229606600002080C /* ViewFinder_Video.xcdatamodel */ = {isa = PBXFileReference; lastKnownFileType = wrapper.xcdatamodel; path = ViewFinder_Video.xcdatamodel; sourceTree = "<group>"; };
		50C37F4D229606620002080C /* Assets.xcassets */ = {isa = PBXFileReference; lastKnownFileType = folder.assetcatalog; path = Assets.xcassets; sourceTree = "<group>"; };
		50C37F50229606620002080C /* Base */ = {isa = PBXFileReference; lastKnownFileType = file.storyboard; name = Base; path = Base.lproj/LaunchScreen.storyboard; sourceTree = "<group>"; };
		50C37F52229606620002080C /* Info.plist */ = {isa = PBXFileReference; lastKnownFileType = text.plist.xml; path = Info.plist; sourceTree = "<group>"; };
		50C37F5822960B1C0002080C /* AddPhotoViewController.swift */ = {isa = PBXFileReference; lastKnownFileType = sourcecode.swift; path = AddPhotoViewController.swift; sourceTree = "<group>"; };
		50C37F5A22960F940002080C /* PhotoTableViewController.swift */ = {isa = PBXFileReference; lastKnownFileType = sourcecode.swift; path = PhotoTableViewController.swift; sourceTree = "<group>"; };
/* End PBXFileReference section */

/* Begin PBXFrameworksBuildPhase section */
		50C37F3D229606600002080C /* Frameworks */ = {
			isa = PBXFrameworksBuildPhase;
			buildActionMask = 2147483647;
			files = (
			);
			runOnlyForDeploymentPostprocessing = 0;
		};
/* End PBXFrameworksBuildPhase section */

/* Begin PBXGroup section */
		50C37F37229606600002080C = {
			isa = PBXGroup;
			children = (
				50C37F42229606600002080C /* ViewFinder-Video */,
				50C37F41229606600002080C /* Products */,
			);
			sourceTree = "<group>";
		};
		50C37F41229606600002080C /* Products */ = {
			isa = PBXGroup;
			children = (
				50C37F40229606600002080C /* ViewFinder-Video.app */,
			);
			name = Products;
			sourceTree = "<group>";
		};
		50C37F42229606600002080C /* ViewFinder-Video */ = {
			isa = PBXGroup;
			children = (
				50C37F43229606600002080C /* AppDelegate.swift */,
				50C37F47229606600002080C /* Main.storyboard */,
				504C5D2D2299B89B00BC01A5 /* PhotoDetailViewController.swift */,
				50C37F5A22960F940002080C /* PhotoTableViewController.swift */,
				50C37F5822960B1C0002080C /* AddPhotoViewController.swift */,
				50C37F4D229606620002080C /* Assets.xcassets */,
				50C37F4F229606620002080C /* LaunchScreen.storyboard */,
				50C37F52229606620002080C /* Info.plist */,
				50C37F4A229606600002080C /* ViewFinder_Video.xcdatamodeld */,
			);
			path = "ViewFinder-Video";
			sourceTree = "<group>";
		};
/* End PBXGroup section */

/* Begin PBXNativeTarget section */
		50C37F3F229606600002080C /* ViewFinder-Video */ = {
			isa = PBXNativeTarget;
			buildConfigurationList = 50C37F55229606620002080C /* Build configuration list for PBXNativeTarget "ViewFinder-Video" */;
			buildPhases = (
				50C37F3C229606600002080C /* Sources */,
				50C37F3D229606600002080C /* Frameworks */,
				50C37F3E229606600002080C /* Resources */,
			);
			buildRules = (
			);
			dependencies = (
			);
			name = "ViewFinder-Video";
			productName = "ViewFinder-Video";
			productReference = 50C37F40229606600002080C /* ViewFinder-Video.app */;
			productType = "com.apple.product-type.application";
		};
/* End PBXNativeTarget section */

/* Begin PBXProject section */
		50C37F38229606600002080C /* Project object */ = {
			isa = PBXProject;
			attributes = {
				LastSwiftUpdateCheck = 1010;
				LastUpgradeCheck = 1010;
				ORGANIZATIONNAME = "Amy Holt";
				TargetAttributes = {
					50C37F3F229606600002080C = {
						CreatedOnToolsVersion = 10.1;
					};
				};
			};
			buildConfigurationList = 50C37F3B229606600002080C /* Build configuration list for PBXProject "ViewFinder-Video" */;
			compatibilityVersion = "Xcode 9.3";
			developmentRegion = en;
			hasScannedForEncodings = 0;
			knownRegions = (
				en,
				Base,
			);
			mainGroup = 50C37F37229606600002080C;
			productRefGroup = 50C37F41229606600002080C /* Products */;
			projectDirPath = "";
			projectRoot = "";
			targets = (
				50C37F3F229606600002080C /* ViewFinder-Video */,
			);
		};
/* End PBXProject section */

/* Begin PBXResourcesBuildPhase section */
		50C37F3E229606600002080C /* Resources */ = {
			isa = PBXResourcesBuildPhase;
			buildActionMask = 2147483647;
			files = (
				50C37F51229606620002080C /* LaunchScreen.storyboard in Resources */,
				50C37F4E229606620002080C /* Assets.xcassets in Resources */,
				50C37F49229606600002080C /* Main.storyboard in Resources */,
			);
			runOnlyForDeploymentPostprocessing = 0;
		};
/* End PBXResourcesBuildPhase section */

/* Begin PBXSourcesBuildPhase section */
		50C37F3C229606600002080C /* Sources */ = {
			isa = PBXSourcesBuildPhase;
			buildActionMask = 2147483647;
			files = (
				50C37F4C229606600002080C /* ViewFinder_Video.xcdatamodeld in Sources */,
				50C37F5922960B1C0002080C /* AddPhotoViewController.swift in Sources */,
				50C37F5B22960F940002080C /* PhotoTableViewController.swift in Sources */,
				504C5D2E2299B89B00BC01A5 /* PhotoDetailViewController.swift in Sources */,
				50C37F44229606600002080C /* AppDelegate.swift in Sources */,
			);
			runOnlyForDeploymentPostprocessing = 0;
		};
/* End PBXSourcesBuildPhase section */

/* Begin PBXVariantGroup section */
		50C37F47229606600002080C /* Main.storyboard */ = {
			isa = PBXVariantGroup;
			children = (
				50C37F48229606600002080C /* Base */,
			);
			name = Main.storyboard;
			sourceTree = "<group>";
		};
		50C37F4F229606620002080C /* LaunchScreen.storyboard */ = {
			isa = PBXVariantGroup;
			children = (
				50C37F50229606620002080C /* Base */,
			);
			name = LaunchScreen.storyboard;
			sourceTree = "<group>";
		};
/* End PBXVariantGroup section */

/* Begin XCBuildConfiguration section */
		50C37F53229606620002080C /* Debug */ = {
			isa = XCBuildConfiguration;
			buildSettings = {
				ALWAYS_SEARCH_USER_PATHS = NO;
				CLANG_ANALYZER_NONNULL = YES;
				CLANG_ANALYZER_NUMBER_OBJECT_CONVERSION = YES_AGGRESSIVE;
				CLANG_CXX_LANGUAGE_STANDARD = "gnu++14";
				CLANG_CXX_LIBRARY = "libc++";
				CLANG_ENABLE_MODULES = YES;
				CLANG_ENABLE_OBJC_ARC = YES;
				CLANG_ENABLE_OBJC_WEAK = YES;
				CLANG_WARN_BLOCK_CAPTURE_AUTORELEASING = YES;
				CLANG_WARN_BOOL_CONVERSION = YES;
				CLANG_WARN_COMMA = YES;
				CLANG_WARN_CONSTANT_CONVERSION = YES;
				CLANG_WARN_DEPRECATED_OBJC_IMPLEMENTATIONS = YES;
				CLANG_WARN_DIRECT_OBJC_ISA_USAGE = YES_ERROR;
				CLANG_WARN_DOCUMENTATION_COMMENTS = YES;
				CLANG_WARN_EMPTY_BODY = YES;
				CLANG_WARN_ENUM_CONVERSION = YES;
				CLANG_WARN_INFINITE_RECURSION = YES;
				CLANG_WARN_INT_CONVERSION = YES;
				CLANG_WARN_NON_LITERAL_NULL_CONVERSION = YES;
				CLANG_WARN_OBJC_IMPLICIT_RETAIN_SELF = YES;
				CLANG_WARN_OBJC_LITERAL_CONVERSION = YES;
				CLANG_WARN_OBJC_ROOT_CLASS = YES_ERROR;
				CLANG_WARN_RANGE_LOOP_ANALYSIS = YES;
				CLANG_WARN_STRICT_PROTOTYPES = YES;
				CLANG_WARN_SUSPICIOUS_MOVE = YES;
				CLANG_WARN_UNGUARDED_AVAILABILITY = YES_AGGRESSIVE;
				CLANG_WARN_UNREACHABLE_CODE = YES;
				CLANG_WARN__DUPLICATE_METHOD_MATCH = YES;
				CODE_SIGN_IDENTITY = "iPhone Developer";
				COPY_PHASE_STRIP = NO;
				DEBUG_INFORMATION_FORMAT = dwarf;
				ENABLE_STRICT_OBJC_MSGSEND = YES;
				ENABLE_TESTABILITY = YES;
				GCC_C_LANGUAGE_STANDARD = gnu11;
				GCC_DYNAMIC_NO_PIC = NO;
				GCC_NO_COMMON_BLOCKS = YES;
				GCC_OPTIMIZATION_LEVEL = 0;
				GCC_PREPROCESSOR_DEFINITIONS = (
					"DEBUG=1",
					"$(inherited)",
				);
				GCC_WARN_64_TO_32_BIT_CONVERSION = YES;
				GCC_WARN_ABOUT_RETURN_TYPE = YES_ERROR;
				GCC_WARN_UNDECLARED_SELECTOR = YES;
				GCC_WARN_UNINITIALIZED_AUTOS = YES_AGGRESSIVE;
				GCC_WARN_UNUSED_FUNCTION = YES;
				GCC_WARN_UNUSED_VARIABLE = YES;
				IPHONEOS_DEPLOYMENT_TARGET = 12.1;
				MTL_ENABLE_DEBUG_INFO = INCLUDE_SOURCE;
				MTL_FAST_MATH = YES;
				ONLY_ACTIVE_ARCH = YES;
				SDKROOT = iphoneos;
				SWIFT_ACTIVE_COMPILATION_CONDITIONS = DEBUG;
				SWIFT_OPTIMIZATION_LEVEL = "-Onone";
			};
			name = Debug;
		};
		50C37F54229606620002080C /* Release */ = {
			isa = XCBuildConfiguration;
			buildSettings = {
				ALWAYS_SEARCH_USER_PATHS = NO;
				CLANG_ANALYZER_NONNULL = YES;
				CLANG_ANALYZER_NUMBER_OBJECT_CONVERSION = YES_AGGRESSIVE;
				CLANG_CXX_LANGUAGE_STANDARD = "gnu++14";
				CLANG_CXX_LIBRARY = "libc++";
				CLANG_ENABLE_MODULES = YES;
				CLANG_ENABLE_OBJC_ARC = YES;
				CLANG_ENABLE_OBJC_WEAK = YES;
				CLANG_WARN_BLOCK_CAPTURE_AUTORELEASING = YES;
				CLANG_WARN_BOOL_CONVERSION = YES;
				CLANG_WARN_COMMA = YES;
				CLANG_WARN_CONSTANT_CONVERSION = YES;
				CLANG_WARN_DEPRECATED_OBJC_IMPLEMENTATIONS = YES;
				CLANG_WARN_DIRECT_OBJC_ISA_USAGE = YES_ERROR;
				CLANG_WARN_DOCUMENTATION_COMMENTS = YES;
				CLANG_WARN_EMPTY_BODY = YES;
				CLANG_WARN_ENUM_CONVERSION = YES;
				CLANG_WARN_INFINITE_RECURSION = YES;
				CLANG_WARN_INT_CONVERSION = YES;
				CLANG_WARN_NON_LITERAL_NULL_CONVERSION = YES;
				CLANG_WARN_OBJC_IMPLICIT_RETAIN_SELF = YES;
				CLANG_WARN_OBJC_LITERAL_CONVERSION = YES;
				CLANG_WARN_OBJC_ROOT_CLASS = YES_ERROR;
				CLANG_WARN_RANGE_LOOP_ANALYSIS = YES;
				CLANG_WARN_STRICT_PROTOTYPES = YES;
				CLANG_WARN_SUSPICIOUS_MOVE = YES;
				CLANG_WARN_UNGUARDED_AVAILABILITY = YES_AGGRESSIVE;
				CLANG_WARN_UNREACHABLE_CODE = YES;
				CLANG_WARN__DUPLICATE_METHOD_MATCH = YES;
				CODE_SIGN_IDENTITY = "iPhone Developer";
				COPY_PHASE_STRIP = NO;
				DEBUG_INFORMATION_FORMAT = "dwarf-with-dsym";
				ENABLE_NS_ASSERTIONS = NO;
				ENABLE_STRICT_OBJC_MSGSEND = YES;
				GCC_C_LANGUAGE_STANDARD = gnu11;
				GCC_NO_COMMON_BLOCKS = YES;
				GCC_WARN_64_TO_32_BIT_CONVERSION = YES;
				GCC_WARN_ABOUT_RETURN_TYPE = YES_ERROR;
				GCC_WARN_UNDECLARED_SELECTOR = YES;
				GCC_WARN_UNINITIALIZED_AUTOS = YES_AGGRESSIVE;
				GCC_WARN_UNUSED_FUNCTION = YES;
				GCC_WARN_UNUSED_VARIABLE = YES;
				IPHONEOS_DEPLOYMENT_TARGET = 12.1;
				MTL_ENABLE_DEBUG_INFO = NO;
				MTL_FAST_MATH = YES;
				SDKROOT = iphoneos;
				SWIFT_COMPILATION_MODE = wholemodule;
				SWIFT_OPTIMIZATION_LEVEL = "-O";
				VALIDATE_PRODUCT = YES;
			};
			name = Release;
		};
		50C37F56229606620002080C /* Debug */ = {
			isa = XCBuildConfiguration;
			buildSettings = {
				ASSETCATALOG_COMPILER_APPICON_NAME = AppIcon;
				CODE_SIGN_STYLE = Automatic;
				DEVELOPMENT_TEAM = 6Y843UY4KG;
				INFOPLIST_FILE = "ViewFinder-Video/Info.plist";
				LD_RUNPATH_SEARCH_PATHS = (
					"$(inherited)",
					"@executable_path/Frameworks",
				);
				PRODUCT_BUNDLE_IDENTIFIER = "com.holt.ViewFinder-Video";
				PRODUCT_NAME = "$(TARGET_NAME)";
				SWIFT_VERSION = 4.2;
				TARGETED_DEVICE_FAMILY = "1,2";
			};
			name = Debug;
		};
		50C37F57229606620002080C /* Release */ = {
			isa = XCBuildConfiguration;
			buildSettings = {
				ASSETCATALOG_COMPILER_APPICON_NAME = AppIcon;
				CODE_SIGN_STYLE = Automatic;
				DEVELOPMENT_TEAM = 6Y843UY4KG;
				INFOPLIST_FILE = "ViewFinder-Video/Info.plist";
				LD_RUNPATH_SEARCH_PATHS = (
					"$(inherited)",
					"@executable_path/Frameworks",
				);
				PRODUCT_BUNDLE_IDENTIFIER = "com.holt.ViewFinder-Video";
				PRODUCT_NAME = "$(TARGET_NAME)";
				SWIFT_VERSION = 4.2;
				TARGETED_DEVICE_FAMILY = "1,2";
			};
			name = Release;
		};
/* End XCBuildConfiguration section */

/* Begin XCConfigurationList section */
		50C37F3B229606600002080C /* Build configuration list for PBXProject "ViewFinder-Video" */ = {
			isa = XCConfigurationList;
			buildConfigurations = (
				50C37F53229606620002080C /* Debug */,
				50C37F54229606620002080C /* Release */,
			);
			defaultConfigurationIsVisible = 0;
			defaultConfigurationName = Release;
		};
		50C37F55229606620002080C /* Build configuration list for PBXNativeTarget "ViewFinder-Video" */ = {
			isa = XCConfigurationList;
			buildConfigurations = (
				50C37F56229606620002080C /* Debug */,
				50C37F57229606620002080C /* Release */,
			);
			defaultConfigurationIsVisible = 0;
			defaultConfigurationName = Release;
		};
/* End XCConfigurationList section */

/* Begin XCVersionGroup section */
		50C37F4A229606600002080C /* ViewFinder_Video.xcdatamodeld */ = {
			isa = XCVersionGroup;
			children = (
				50C37F4B229606600002080C /* ViewFinder_Video.xcdatamodel */,
			);
			currentVersion = 50C37F4B229606600002080C /* ViewFinder_Video.xcdatamodel */;
			path = ViewFinder_Video.xcdatamodeld;
			sourceTree = "<group>";
			versionGroupType = wrapper.xcdatamodel;
		};
/* End XCVersionGroup section */
	};
	rootObject = 50C37F38229606600002080C /* Project object */;
}
